
Microsoft Visual Studio Solution File, Format Version 12.00
# Visual Studio 15
VisualStudioVersion = 15.0.28307.960
MinimumVisualStudioVersion = 10.0.40219.1
Project("{FAE04EC0-301F-11D3-BF4B-00C04F79EFBC}") = "OnlineAuction.DAL", "OnlineAuction.DAL\OnlineAuction.DAL.csproj", "{7AB3C335-1373-4FE5-9826-A72A0821BA6D}"
EndProject
Project("{FAE04EC0-301F-11D3-BF4B-00C04F79EFBC}") = "TestBDBuid", "TestBDBuid\TestBDBuid.csproj", "{690D23BF-FEBF-455C-A015-91AE5095262B}"
EndProject
Global
	GlobalSection(SolutionConfigurationPlatforms) = preSolution
		Debug|Any CPU = Debug|Any CPU
		Release|Any CPU = Release|Any CPU
	EndGlobalSection
	GlobalSection(ProjectConfigurationPlatforms) = postSolution
		{7AB3C335-1373-4FE5-9826-A72A0821BA6D}.Debug|Any CPU.ActiveCfg = Debug|Any CPU
		{7AB3C335-1373-4FE5-9826-A72A0821BA6D}.Debug|Any CPU.Build.0 = Debug|Any CPU
		{7AB3C335-1373-4FE5-9826-A72A0821BA6D}.Release|Any CPU.ActiveCfg = Release|Any CPU
		{7AB3C335-1373-4FE5-9826-A72A0821BA6D}.Release|Any CPU.Build.0 = Release|Any CPU
		{690D23BF-FEBF-455C-A015-91AE5095262B}.Debug|Any CPU.ActiveCfg = Debug|Any CPU
		{690D23BF-FEBF-455C-A015-91AE5095262B}.Debug|Any CPU.Build.0 = Debug|Any CPU
		{690D23BF-FEBF-455C-A015-91AE5095262B}.Release|Any CPU.ActiveCfg = Release|Any CPU
		{690D23BF-FEBF-455C-A015-91AE5095262B}.Release|Any CPU.Build.0 = Release|Any CPU
	EndGlobalSection
	GlobalSection(SolutionProperties) = preSolution
		HideSolutionNode = FALSE
	EndGlobalSection
	GlobalSection(ExtensibilityGlobals) = postSolution
		SolutionGuid = {7EB5108D-5EA8-4551-A6CA-11ADB8DE3E5D}
	EndGlobalSection
EndGlobal
